
Microsoft Visual Studio Solution File, Format Version 12.00
# Visual Studio Version 16
VisualStudioVersion = 16.0.29209.62
MinimumVisualStudioVersion = 10.0.40219.1
Project("{FAE04EC0-301F-11D3-BF4B-00C04F79EFBC}") = "IniciandoForeach", "IniciandoForeach\IniciandoForeach.csproj", "{827CAA2D-5FEA-4FE5-8AC3-4C73893206EC}"
EndProject
Project("{FAE04EC0-301F-11D3-BF4B-00C04F79EFBC}") = "Aula74AprendendoOList", "Aula74AprendendoOList\Aula74AprendendoOList.csproj", "{79359F0E-807C-40AD-B6F0-5E68A56B300A}"
EndProject
Global
	GlobalSection(SolutionConfigurationPlatforms) = preSolution
		Debug|Any CPU = Debug|Any CPU
		Release|Any CPU = Release|Any CPU
	EndGlobalSection
	GlobalSection(ProjectConfigurationPlatforms) = postSolution
		{827CAA2D-5FEA-4FE5-8AC3-4C73893206EC}.Debug|Any CPU.ActiveCfg = Debug|Any CPU
		{827CAA2D-5FEA-4FE5-8AC3-4C73893206EC}.Debug|Any CPU.Build.0 = Debug|Any CPU
		{827CAA2D-5FEA-4FE5-8AC3-4C73893206EC}.Release|Any CPU.ActiveCfg = Release|Any CPU
		{827CAA2D-5FEA-4FE5-8AC3-4C73893206EC}.Release|Any CPU.Build.0 = Release|Any CPU
		{79359F0E-807C-40AD-B6F0-5E68A56B300A}.Debug|Any CPU.ActiveCfg = Debug|Any CPU
		{79359F0E-807C-40AD-B6F0-5E68A56B300A}.Debug|Any CPU.Build.0 = Debug|Any CPU
		{79359F0E-807C-40AD-B6F0-5E68A56B300A}.Release|Any CPU.ActiveCfg = Release|Any CPU
		{79359F0E-807C-40AD-B6F0-5E68A56B300A}.Release|Any CPU.Build.0 = Release|Any CPU
	EndGlobalSection
	GlobalSection(SolutionProperties) = preSolution
		HideSolutionNode = FALSE
	EndGlobalSection
	GlobalSection(ExtensibilityGlobals) = postSolution
		SolutionGuid = {F419DC34-E428-4F98-B204-A05C6DD5E15F}
	EndGlobalSection
EndGlobal
