
Microsoft Visual Studio Solution File, Format Version 12.00
# Visual Studio Version 16
VisualStudioVersion = 16.0.29324.140
MinimumVisualStudioVersion = 10.0.40219.1
Project("{FAE04EC0-301F-11D3-BF4B-00C04F79EFBC}") = "ListandoNomes", "CodeFirstTeste\ListandoNomes.csproj", "{4F62BDF5-1700-4C24-8C5B-5C8474F3E742}"
EndProject
Project("{FAE04EC0-301F-11D3-BF4B-00C04F79EFBC}") = "SistemasDeNomes", "SistemasDeNomes\SistemasDeNomes.csproj", "{004D3622-E587-40F1-859D-54505139B191}"
EndProject
Global
	GlobalSection(SolutionConfigurationPlatforms) = preSolution
		Debug|Any CPU = Debug|Any CPU
		Release|Any CPU = Release|Any CPU
	EndGlobalSection
	GlobalSection(ProjectConfigurationPlatforms) = postSolution
		{4F62BDF5-1700-4C24-8C5B-5C8474F3E742}.Debug|Any CPU.ActiveCfg = Debug|Any CPU
		{4F62BDF5-1700-4C24-8C5B-5C8474F3E742}.Debug|Any CPU.Build.0 = Debug|Any CPU
		{4F62BDF5-1700-4C24-8C5B-5C8474F3E742}.Release|Any CPU.ActiveCfg = Release|Any CPU
		{4F62BDF5-1700-4C24-8C5B-5C8474F3E742}.Release|Any CPU.Build.0 = Release|Any CPU
		{004D3622-E587-40F1-859D-54505139B191}.Debug|Any CPU.ActiveCfg = Debug|Any CPU
		{004D3622-E587-40F1-859D-54505139B191}.Debug|Any CPU.Build.0 = Debug|Any CPU
		{004D3622-E587-40F1-859D-54505139B191}.Release|Any CPU.ActiveCfg = Release|Any CPU
		{004D3622-E587-40F1-859D-54505139B191}.Release|Any CPU.Build.0 = Release|Any CPU
	EndGlobalSection
	GlobalSection(SolutionProperties) = preSolution
		HideSolutionNode = FALSE
	EndGlobalSection
	GlobalSection(ExtensibilityGlobals) = postSolution
		SolutionGuid = {DC770F88-A5D6-430B-8676-42542C886D22}
	EndGlobalSection
EndGlobal
