
Microsoft Visual Studio Solution File, Format Version 12.00
# Visual Studio Version 16
VisualStudioVersion = 16.0.29209.62
MinimumVisualStudioVersion = 10.0.40219.1
Project("{FAE04EC0-301F-11D3-BF4B-00C04F79EFBC}") = "ConsoleApp1", "ConsoleApp1.csproj", "{6BF66C42-E142-4C78-92CC-571B419D6352}"
EndProject
Global
	GlobalSection(SolutionConfigurationPlatforms) = preSolution
		Debug|Any CPU = Debug|Any CPU
		Release|Any CPU = Release|Any CPU
	EndGlobalSection
	GlobalSection(ProjectConfigurationPlatforms) = postSolution
		{6BF66C42-E142-4C78-92CC-571B419D6352}.Debug|Any CPU.ActiveCfg = Debug|Any CPU
		{6BF66C42-E142-4C78-92CC-571B419D6352}.Debug|Any CPU.Build.0 = Debug|Any CPU
		{6BF66C42-E142-4C78-92CC-571B419D6352}.Release|Any CPU.ActiveCfg = Release|Any CPU
		{6BF66C42-E142-4C78-92CC-571B419D6352}.Release|Any CPU.Build.0 = Release|Any CPU
	EndGlobalSection
	GlobalSection(SolutionProperties) = preSolution
		HideSolutionNode = FALSE
	EndGlobalSection
	GlobalSection(ExtensibilityGlobals) = postSolution
		SolutionGuid = {E55E4971-19F7-4751-BF8B-E94EACCEA925}
	EndGlobalSection
EndGlobal
