
Microsoft Visual Studio Solution File, Format Version 12.00
# Visual Studio Version 16
VisualStudioVersion = 16.0.29411.108
MinimumVisualStudioVersion = 10.0.40219.1
Project("{FAE04EC0-301F-11D3-BF4B-00C04F79EFBC}") = "WebApplication4", "WebApplication4\WebApplication4.csproj", "{78AECD7F-2B8A-40DA-AA8D-F272F90141F1}"
EndProject
Global
	GlobalSection(SolutionConfigurationPlatforms) = preSolution
		Debug|Any CPU = Debug|Any CPU
		Release|Any CPU = Release|Any CPU
	EndGlobalSection
	GlobalSection(ProjectConfigurationPlatforms) = postSolution
		{78AECD7F-2B8A-40DA-AA8D-F272F90141F1}.Debug|Any CPU.ActiveCfg = Debug|Any CPU
		{78AECD7F-2B8A-40DA-AA8D-F272F90141F1}.Debug|Any CPU.Build.0 = Debug|Any CPU
		{78AECD7F-2B8A-40DA-AA8D-F272F90141F1}.Release|Any CPU.ActiveCfg = Release|Any CPU
		{78AECD7F-2B8A-40DA-AA8D-F272F90141F1}.Release|Any CPU.Build.0 = Release|Any CPU
	EndGlobalSection
	GlobalSection(SolutionProperties) = preSolution
		HideSolutionNode = FALSE
	EndGlobalSection
	GlobalSection(ExtensibilityGlobals) = postSolution
		SolutionGuid = {E7A45A67-1529-4DEB-8947-A18F7495A49B}
	EndGlobalSection
EndGlobal
