
Microsoft Visual Studio Solution File, Format Version 12.00
# Visual Studio Version 16
VisualStudioVersion = 16.0.29324.140
MinimumVisualStudioVersion = 10.0.40219.1
Project("{FAE04EC0-301F-11D3-BF4B-00C04F79EFBC}") = "RevisandoEntity", "RevisandoEntity\RevisandoEntity.csproj", "{0D0D33FF-9CBD-48E7-83A2-819357449D77}"
EndProject
Project("{FAE04EC0-301F-11D3-BF4B-00C04F79EFBC}") = "AppVisual", "AppVisual\AppVisual.csproj", "{2D71089E-0B15-47F4-8070-55C23D177901}"
EndProject
Global
	GlobalSection(SolutionConfigurationPlatforms) = preSolution
		Debug|Any CPU = Debug|Any CPU
		Release|Any CPU = Release|Any CPU
	EndGlobalSection
	GlobalSection(ProjectConfigurationPlatforms) = postSolution
		{0D0D33FF-9CBD-48E7-83A2-819357449D77}.Debug|Any CPU.ActiveCfg = Debug|Any CPU
		{0D0D33FF-9CBD-48E7-83A2-819357449D77}.Debug|Any CPU.Build.0 = Debug|Any CPU
		{0D0D33FF-9CBD-48E7-83A2-819357449D77}.Release|Any CPU.ActiveCfg = Release|Any CPU
		{0D0D33FF-9CBD-48E7-83A2-819357449D77}.Release|Any CPU.Build.0 = Release|Any CPU
		{2D71089E-0B15-47F4-8070-55C23D177901}.Debug|Any CPU.ActiveCfg = Debug|Any CPU
		{2D71089E-0B15-47F4-8070-55C23D177901}.Debug|Any CPU.Build.0 = Debug|Any CPU
		{2D71089E-0B15-47F4-8070-55C23D177901}.Release|Any CPU.ActiveCfg = Release|Any CPU
		{2D71089E-0B15-47F4-8070-55C23D177901}.Release|Any CPU.Build.0 = Release|Any CPU
	EndGlobalSection
	GlobalSection(SolutionProperties) = preSolution
		HideSolutionNode = FALSE
	EndGlobalSection
	GlobalSection(ExtensibilityGlobals) = postSolution
		SolutionGuid = {4E6163E3-801A-4C1C-B9B5-8597037079F4}
	EndGlobalSection
EndGlobal
