
Microsoft Visual Studio Solution File, Format Version 12.00
# Visual Studio Version 16
VisualStudioVersion = 16.0.29424.173
MinimumVisualStudioVersion = 10.0.40219.1
Project("{FAE04EC0-301F-11D3-BF4B-00C04F79EFBC}") = "WebApplication5", "WebApplication5\WebApplication5.csproj", "{BF1AB74C-3420-421B-9380-4297E01FBCCD}"
EndProject
Global
	GlobalSection(SolutionConfigurationPlatforms) = preSolution
		Debug|Any CPU = Debug|Any CPU
		Release|Any CPU = Release|Any CPU
	EndGlobalSection
	GlobalSection(ProjectConfigurationPlatforms) = postSolution
		{BF1AB74C-3420-421B-9380-4297E01FBCCD}.Debug|Any CPU.ActiveCfg = Debug|Any CPU
		{BF1AB74C-3420-421B-9380-4297E01FBCCD}.Debug|Any CPU.Build.0 = Debug|Any CPU
		{BF1AB74C-3420-421B-9380-4297E01FBCCD}.Release|Any CPU.ActiveCfg = Release|Any CPU
		{BF1AB74C-3420-421B-9380-4297E01FBCCD}.Release|Any CPU.Build.0 = Release|Any CPU
	EndGlobalSection
	GlobalSection(SolutionProperties) = preSolution
		HideSolutionNode = FALSE
	EndGlobalSection
	GlobalSection(ExtensibilityGlobals) = postSolution
		SolutionGuid = {3CBD04AF-AC8D-42B5-B085-69868798CBF6}
	EndGlobalSection
EndGlobal
