
Microsoft Visual Studio Solution File, Format Version 12.00
# Visual Studio Version 16
VisualStudioVersion = 16.0.29411.108
MinimumVisualStudioVersion = 10.0.40219.1
Project("{FAE04EC0-301F-11D3-BF4B-00C04F79EFBC}") = "BancoInnerJoienWeb", "BancoInnerJoienWeb\BancoInnerJoienWeb.csproj", "{39EE6EBB-C366-4ABB-BA09-DBE6CF36D03D}"
EndProject
Global
	GlobalSection(SolutionConfigurationPlatforms) = preSolution
		Debug|Any CPU = Debug|Any CPU
		Release|Any CPU = Release|Any CPU
	EndGlobalSection
	GlobalSection(ProjectConfigurationPlatforms) = postSolution
		{39EE6EBB-C366-4ABB-BA09-DBE6CF36D03D}.Debug|Any CPU.ActiveCfg = Debug|Any CPU
		{39EE6EBB-C366-4ABB-BA09-DBE6CF36D03D}.Debug|Any CPU.Build.0 = Debug|Any CPU
		{39EE6EBB-C366-4ABB-BA09-DBE6CF36D03D}.Release|Any CPU.ActiveCfg = Release|Any CPU
		{39EE6EBB-C366-4ABB-BA09-DBE6CF36D03D}.Release|Any CPU.Build.0 = Release|Any CPU
	EndGlobalSection
	GlobalSection(SolutionProperties) = preSolution
		HideSolutionNode = FALSE
	EndGlobalSection
	GlobalSection(ExtensibilityGlobals) = postSolution
		SolutionGuid = {6FF67AD9-370B-4F7C-802B-DDD5B0142327}
	EndGlobalSection
EndGlobal
