
Microsoft Visual Studio Solution File, Format Version 12.00
# Visual Studio Version 16
VisualStudioVersion = 16.0.29324.140
MinimumVisualStudioVersion = 10.0.40219.1
Project("{FAE04EC0-301F-11D3-BF4B-00C04F79EFBC}") = "EntityClass", "EntityClass\EntityClass.csproj", "{2135895A-7732-4C66-8EDB-B0A3A751E437}"
EndProject
Project("{FAE04EC0-301F-11D3-BF4B-00C04F79EFBC}") = "AcessandoOEntity", "AcessandoOEntity\AcessandoOEntity.csproj", "{E5556932-04D4-459E-AC7B-AD26A33E83F3}"
EndProject
Global
	GlobalSection(SolutionConfigurationPlatforms) = preSolution
		Debug|Any CPU = Debug|Any CPU
		Release|Any CPU = Release|Any CPU
	EndGlobalSection
	GlobalSection(ProjectConfigurationPlatforms) = postSolution
		{2135895A-7732-4C66-8EDB-B0A3A751E437}.Debug|Any CPU.ActiveCfg = Debug|Any CPU
		{2135895A-7732-4C66-8EDB-B0A3A751E437}.Debug|Any CPU.Build.0 = Debug|Any CPU
		{2135895A-7732-4C66-8EDB-B0A3A751E437}.Release|Any CPU.ActiveCfg = Release|Any CPU
		{2135895A-7732-4C66-8EDB-B0A3A751E437}.Release|Any CPU.Build.0 = Release|Any CPU
		{E5556932-04D4-459E-AC7B-AD26A33E83F3}.Debug|Any CPU.ActiveCfg = Debug|Any CPU
		{E5556932-04D4-459E-AC7B-AD26A33E83F3}.Debug|Any CPU.Build.0 = Debug|Any CPU
		{E5556932-04D4-459E-AC7B-AD26A33E83F3}.Release|Any CPU.ActiveCfg = Release|Any CPU
		{E5556932-04D4-459E-AC7B-AD26A33E83F3}.Release|Any CPU.Build.0 = Release|Any CPU
	EndGlobalSection
	GlobalSection(SolutionProperties) = preSolution
		HideSolutionNode = FALSE
	EndGlobalSection
	GlobalSection(ExtensibilityGlobals) = postSolution
		SolutionGuid = {B56EEA63-D7CF-48FE-81B3-4AD3361165A7}
	EndGlobalSection
EndGlobal
