
Microsoft Visual Studio Solution File, Format Version 12.00
# Visual Studio Version 16
VisualStudioVersion = 16.0.29324.140
MinimumVisualStudioVersion = 10.0.40219.1
Project("{FAE04EC0-301F-11D3-BF4B-00C04F79EFBC}") = "ApresentandoOsAlcoolatras", "ApresentandoOsAlcoolatras\ApresentandoOsAlcoolatras.csproj", "{CEBF10F2-09BA-4F9D-A26D-CE3F20B5A028}"
EndProject
Global
	GlobalSection(SolutionConfigurationPlatforms) = preSolution
		Debug|Any CPU = Debug|Any CPU
		Release|Any CPU = Release|Any CPU
	EndGlobalSection
	GlobalSection(ProjectConfigurationPlatforms) = postSolution
		{CEBF10F2-09BA-4F9D-A26D-CE3F20B5A028}.Debug|Any CPU.ActiveCfg = Debug|Any CPU
		{CEBF10F2-09BA-4F9D-A26D-CE3F20B5A028}.Debug|Any CPU.Build.0 = Debug|Any CPU
		{CEBF10F2-09BA-4F9D-A26D-CE3F20B5A028}.Release|Any CPU.ActiveCfg = Release|Any CPU
		{CEBF10F2-09BA-4F9D-A26D-CE3F20B5A028}.Release|Any CPU.Build.0 = Release|Any CPU
	EndGlobalSection
	GlobalSection(SolutionProperties) = preSolution
		HideSolutionNode = FALSE
	EndGlobalSection
	GlobalSection(ExtensibilityGlobals) = postSolution
		SolutionGuid = {C563F53D-9947-4E3B-BD1B-583FBD819FD6}
	EndGlobalSection
EndGlobal
