
Microsoft Visual Studio Solution File, Format Version 12.00
# Visual Studio Version 16
VisualStudioVersion = 16.0.29230.47
MinimumVisualStudioVersion = 10.0.40219.1
Project("{FAE04EC0-301F-11D3-BF4B-00C04F79EFBC}") = "CompactarTexto", "CompactarTexto\CompactarTexto.csproj", "{ECC6B3C8-71BB-4F3E-8544-035790FBAFF1}"
EndProject
Global
	GlobalSection(SolutionConfigurationPlatforms) = preSolution
		Debug|Any CPU = Debug|Any CPU
		Release|Any CPU = Release|Any CPU
	EndGlobalSection
	GlobalSection(ProjectConfigurationPlatforms) = postSolution
		{ECC6B3C8-71BB-4F3E-8544-035790FBAFF1}.Debug|Any CPU.ActiveCfg = Debug|Any CPU
		{ECC6B3C8-71BB-4F3E-8544-035790FBAFF1}.Debug|Any CPU.Build.0 = Debug|Any CPU
		{ECC6B3C8-71BB-4F3E-8544-035790FBAFF1}.Release|Any CPU.ActiveCfg = Release|Any CPU
		{ECC6B3C8-71BB-4F3E-8544-035790FBAFF1}.Release|Any CPU.Build.0 = Release|Any CPU
	EndGlobalSection
	GlobalSection(SolutionProperties) = preSolution
		HideSolutionNode = FALSE
	EndGlobalSection
	GlobalSection(ExtensibilityGlobals) = postSolution
		SolutionGuid = {AA7500B1-96ED-4B8F-86A2-B75A2E095C94}
	EndGlobalSection
EndGlobal
